// !$*UTF8*$!
{
	archiveVersion = 1;
	classes = {
	};
	objectVersion = 50;
	objects = {

/* Begin PBXBuildFile section */
		891933E329F0952600782D90 /* PokemonList.swift in Sources */ = {isa = PBXBuildFile; fileRef = 891933E229F0952600782D90 /* PokemonList.swift */; };
		8944346829F44CAE000DE4D6 /* PokemonCollectionViewCell.swift in Sources */ = {isa = PBXBuildFile; fileRef = 8944346629F44CAE000DE4D6 /* PokemonCollectionViewCell.swift */; };
		8944346929F44CAE000DE4D6 /* PokemonCollectionViewCell.xib in Resources */ = {isa = PBXBuildFile; fileRef = 8944346729F44CAE000DE4D6 /* PokemonCollectionViewCell.xib */; };
		8972E93829F1E07E0042E4EB /* PokemonNetworkManager.swift in Sources */ = {isa = PBXBuildFile; fileRef = 8972E93729F1E07E0042E4EB /* PokemonNetworkManager.swift */; };
		8972E93D29F1E17A0042E4EB /* Pokemon.swift in Sources */ = {isa = PBXBuildFile; fileRef = 8972E93C29F1E17A0042E4EB /* Pokemon.swift */; };
		89A987DA29F08ABD00B15567 /* AppDelegate.swift in Sources */ = {isa = PBXBuildFile; fileRef = 89A987D929F08ABD00B15567 /* AppDelegate.swift */; };
		89A987DC29F08ABD00B15567 /* SceneDelegate.swift in Sources */ = {isa = PBXBuildFile; fileRef = 89A987DB29F08ABD00B15567 /* SceneDelegate.swift */; };
		89A987DE29F08ABD00B15567 /* PokemonViewController.swift in Sources */ = {isa = PBXBuildFile; fileRef = 89A987DD29F08ABD00B15567 /* PokemonViewController.swift */; };
		89A987E129F08ABD00B15567 /* Main.storyboard in Resources */ = {isa = PBXBuildFile; fileRef = 89A987DF29F08ABD00B15567 /* Main.storyboard */; };
		89A987E329F08ABD00B15567 /* Assets.xcassets in Resources */ = {isa = PBXBuildFile; fileRef = 89A987E229F08ABD00B15567 /* Assets.xcassets */; };
		89A987E629F08ABD00B15567 /* LaunchScreen.storyboard in Resources */ = {isa = PBXBuildFile; fileRef = 89A987E429F08ABD00B15567 /* LaunchScreen.storyboard */; };
/* End PBXBuildFile section */

/* Begin PBXFileReference section */
		891933E229F0952600782D90 /* PokemonList.swift */ = {isa = PBXFileReference; lastKnownFileType = sourcecode.swift; path = PokemonList.swift; sourceTree = "<group>"; };
		8944346629F44CAE000DE4D6 /* PokemonCollectionViewCell.swift */ = {isa = PBXFileReference; lastKnownFileType = sourcecode.swift; path = PokemonCollectionViewCell.swift; sourceTree = "<group>"; };
		8944346729F44CAE000DE4D6 /* PokemonCollectionViewCell.xib */ = {isa = PBXFileReference; lastKnownFileType = file.xib; path = PokemonCollectionViewCell.xib; sourceTree = "<group>"; };
		8972E93729F1E07E0042E4EB /* PokemonNetworkManager.swift */ = {isa = PBXFileReference; lastKnownFileType = sourcecode.swift; path = PokemonNetworkManager.swift; sourceTree = "<group>"; };
		8972E93C29F1E17A0042E4EB /* Pokemon.swift */ = {isa = PBXFileReference; lastKnownFileType = sourcecode.swift; path = Pokemon.swift; sourceTree = "<group>"; };
		89A987D629F08ABD00B15567 /* PokemonApp.app */ = {isa = PBXFileReference; explicitFileType = wrapper.application; includeInIndex = 0; path = PokemonApp.app; sourceTree = BUILT_PRODUCTS_DIR; };
		89A987D929F08ABD00B15567 /* AppDelegate.swift */ = {isa = PBXFileReference; lastKnownFileType = sourcecode.swift; path = AppDelegate.swift; sourceTree = "<group>"; };
		89A987DB29F08ABD00B15567 /* SceneDelegate.swift */ = {isa = PBXFileReference; lastKnownFileType = sourcecode.swift; path = SceneDelegate.swift; sourceTree = "<group>"; };
		89A987DD29F08ABD00B15567 /* PokemonViewController.swift */ = {isa = PBXFileReference; lastKnownFileType = sourcecode.swift; path = PokemonViewController.swift; sourceTree = "<group>"; };
		89A987E029F08ABD00B15567 /* Base */ = {isa = PBXFileReference; lastKnownFileType = file.storyboard; name = Base; path = Base.lproj/Main.storyboard; sourceTree = "<group>"; };
		89A987E229F08ABD00B15567 /* Assets.xcassets */ = {isa = PBXFileReference; lastKnownFileType = folder.assetcatalog; path = Assets.xcassets; sourceTree = "<group>"; };
		89A987E529F08ABD00B15567 /* Base */ = {isa = PBXFileReference; lastKnownFileType = file.storyboard; name = Base; path = Base.lproj/LaunchScreen.storyboard; sourceTree = "<group>"; };
		89A987E729F08ABD00B15567 /* Info.plist */ = {isa = PBXFileReference; lastKnownFileType = text.plist.xml; path = Info.plist; sourceTree = "<group>"; };
/* End PBXFileReference section */

/* Begin PBXFrameworksBuildPhase section */
		89A987D329F08ABD00B15567 /* Frameworks */ = {
			isa = PBXFrameworksBuildPhase;
			buildActionMask = 2147483647;
			files = (
			);
			runOnlyForDeploymentPostprocessing = 0;
		};
/* End PBXFrameworksBuildPhase section */

/* Begin PBXGroup section */
		8944346B29F44CB8000DE4D6 /* View */ = {
			isa = PBXGroup;
			children = (
				89A987DD29F08ABD00B15567 /* PokemonViewController.swift */,
				8944346629F44CAE000DE4D6 /* PokemonCollectionViewCell.swift */,
				8944346729F44CAE000DE4D6 /* PokemonCollectionViewCell.xib */,
			);
			path = View;
			sourceTree = "<group>";
		};
		8972E93429F1D8790042E4EB /* Model */ = {
			isa = PBXGroup;
			children = (
				891933E229F0952600782D90 /* PokemonList.swift */,
				8972E93C29F1E17A0042E4EB /* Pokemon.swift */,
			);
			path = Model;
			sourceTree = "<group>";
		};
		8972E93A29F1E08C0042E4EB /* Helpers */ = {
			isa = PBXGroup;
			children = (
				8972E93729F1E07E0042E4EB /* PokemonNetworkManager.swift */,
			);
			path = Helpers;
			sourceTree = "<group>";
		};
		89A987CD29F08ABD00B15567 = {
			isa = PBXGroup;
			children = (
				89A987D829F08ABD00B15567 /* PokemonApp */,
				89A987D729F08ABD00B15567 /* Products */,
			);
			sourceTree = "<group>";
		};
		89A987D729F08ABD00B15567 /* Products */ = {
			isa = PBXGroup;
			children = (
				89A987D629F08ABD00B15567 /* PokemonApp.app */,
			);
			name = Products;
			sourceTree = "<group>";
		};
		89A987D829F08ABD00B15567 /* PokemonApp */ = {
			isa = PBXGroup;
			children = (
				89A987D929F08ABD00B15567 /* AppDelegate.swift */,
				89A987DB29F08ABD00B15567 /* SceneDelegate.swift */,
				89A987DF29F08ABD00B15567 /* Main.storyboard */,
				89A987E229F08ABD00B15567 /* Assets.xcassets */,
				89A987E429F08ABD00B15567 /* LaunchScreen.storyboard */,
				89A987E729F08ABD00B15567 /* Info.plist */,
				8972E93429F1D8790042E4EB /* Model */,
				8972E93A29F1E08C0042E4EB /* Helpers */,
				8944346B29F44CB8000DE4D6 /* View */,
			);
			path = PokemonApp;
			sourceTree = "<group>";
		};
/* End PBXGroup section */

/* Begin PBXNativeTarget section */
		89A987D529F08ABD00B15567 /* PokemonApp */ = {
			isa = PBXNativeTarget;
			buildConfigurationList = 89A987EA29F08ABD00B15567 /* Build configuration list for PBXNativeTarget "PokemonApp" */;
			buildPhases = (
				89A987D229F08ABD00B15567 /* Sources */,
				89A987D329F08ABD00B15567 /* Frameworks */,
				89A987D429F08ABD00B15567 /* Resources */,
			);
			buildRules = (
			);
			dependencies = (
			);
			name = PokemonApp;
			productName = PokemonApp;
			productReference = 89A987D629F08ABD00B15567 /* PokemonApp.app */;
			productType = "com.apple.product-type.application";
		};
/* End PBXNativeTarget section */

/* Begin PBXProject section */
		89A987CE29F08ABD00B15567 /* Project object */ = {
			isa = PBXProject;
			attributes = {
				LastSwiftUpdateCheck = 1220;
				LastUpgradeCheck = 1220;
				TargetAttributes = {
					89A987D529F08ABD00B15567 = {
						CreatedOnToolsVersion = 12.2;
					};
				};
			};
			buildConfigurationList = 89A987D129F08ABD00B15567 /* Build configuration list for PBXProject "PokemonApp" */;
			compatibilityVersion = "Xcode 9.3";
			developmentRegion = en;
			hasScannedForEncodings = 0;
			knownRegions = (
				en,
				Base,
			);
			mainGroup = 89A987CD29F08ABD00B15567;
			productRefGroup = 89A987D729F08ABD00B15567 /* Products */;
			projectDirPath = "";
			projectRoot = "";
			targets = (
				89A987D529F08ABD00B15567 /* PokemonApp */,
			);
		};
/* End PBXProject section */

/* Begin PBXResourcesBuildPhase section */
		89A987D429F08ABD00B15567 /* Resources */ = {
			isa = PBXResourcesBuildPhase;
			buildActionMask = 2147483647;
			files = (
				89A987E629F08ABD00B15567 /* LaunchScreen.storyboard in Resources */,
				89A987E329F08ABD00B15567 /* Assets.xcassets in Resources */,
				8944346929F44CAE000DE4D6 /* PokemonCollectionViewCell.xib in Resources */,
				89A987E129F08ABD00B15567 /* Main.storyboard in Resources */,
			);
			runOnlyForDeploymentPostprocessing = 0;
		};
/* End PBXResourcesBuildPhase section */

/* Begin PBXSourcesBuildPhase section */
		89A987D229F08ABD00B15567 /* Sources */ = {
			isa = PBXSourcesBuildPhase;
			buildActionMask = 2147483647;
			files = (
				89A987DE29F08ABD00B15567 /* PokemonViewController.swift in Sources */,
				891933E329F0952600782D90 /* PokemonList.swift in Sources */,
				8972E93829F1E07E0042E4EB /* PokemonNetworkManager.swift in Sources */,
				8944346829F44CAE000DE4D6 /* PokemonCollectionViewCell.swift in Sources */,
				89A987DA29F08ABD00B15567 /* AppDelegate.swift in Sources */,
				89A987DC29F08ABD00B15567 /* SceneDelegate.swift in Sources */,
				8972E93D29F1E17A0042E4EB /* Pokemon.swift in Sources */,
			);
			runOnlyForDeploymentPostprocessing = 0;
		};
/* End PBXSourcesBuildPhase section */

/* Begin PBXVariantGroup section */
		89A987DF29F08ABD00B15567 /* Main.storyboard */ = {
			isa = PBXVariantGroup;
			children = (
				89A987E029F08ABD00B15567 /* Base */,
			);
			name = Main.storyboard;
			sourceTree = "<group>";
		};
		89A987E429F08ABD00B15567 /* LaunchScreen.storyboard */ = {
			isa = PBXVariantGroup;
			children = (
				89A987E529F08ABD00B15567 /* Base */,
			);
			name = LaunchScreen.storyboard;
			sourceTree = "<group>";
		};
/* End PBXVariantGroup section */

/* Begin XCBuildConfiguration section */
		89A987E829F08ABD00B15567 /* Debug */ = {
			isa = XCBuildConfiguration;
			buildSettings = {
				ALWAYS_SEARCH_USER_PATHS = NO;
				CLANG_ANALYZER_NONNULL = YES;
				CLANG_ANALYZER_NUMBER_OBJECT_CONVERSION = YES_AGGRESSIVE;
				CLANG_CXX_LANGUAGE_STANDARD = "gnu++14";
				CLANG_CXX_LIBRARY = "libc++";
				CLANG_ENABLE_MODULES = YES;
				CLANG_ENABLE_OBJC_ARC = YES;
				CLANG_ENABLE_OBJC_WEAK = YES;
				CLANG_WARN_BLOCK_CAPTURE_AUTORELEASING = YES;
				CLANG_WARN_BOOL_CONVERSION = YES;
				CLANG_WARN_COMMA = YES;
				CLANG_WARN_CONSTANT_CONVERSION = YES;
				CLANG_WARN_DEPRECATED_OBJC_IMPLEMENTATIONS = YES;
				CLANG_WARN_DIRECT_OBJC_ISA_USAGE = YES_ERROR;
				CLANG_WARN_DOCUMENTATION_COMMENTS = YES;
				CLANG_WARN_EMPTY_BODY = YES;
				CLANG_WARN_ENUM_CONVERSION = YES;
				CLANG_WARN_INFINITE_RECURSION = YES;
				CLANG_WARN_INT_CONVERSION = YES;
				CLANG_WARN_NON_LITERAL_NULL_CONVERSION = YES;
				CLANG_WARN_OBJC_IMPLICIT_RETAIN_SELF = YES;
				CLANG_WARN_OBJC_LITERAL_CONVERSION = YES;
				CLANG_WARN_OBJC_ROOT_CLASS = YES_ERROR;
				CLANG_WARN_QUOTED_INCLUDE_IN_FRAMEWORK_HEADER = YES;
				CLANG_WARN_RANGE_LOOP_ANALYSIS = YES;
				CLANG_WARN_STRICT_PROTOTYPES = YES;
				CLANG_WARN_SUSPICIOUS_MOVE = YES;
				CLANG_WARN_UNGUARDED_AVAILABILITY = YES_AGGRESSIVE;
				CLANG_WARN_UNREACHABLE_CODE = YES;
				CLANG_WARN__DUPLICATE_METHOD_MATCH = YES;
				COPY_PHASE_STRIP = NO;
				DEBUG_INFORMATION_FORMAT = dwarf;
				ENABLE_STRICT_OBJC_MSGSEND = YES;
				ENABLE_TESTABILITY = YES;
				GCC_C_LANGUAGE_STANDARD = gnu11;
				GCC_DYNAMIC_NO_PIC = NO;
				GCC_NO_COMMON_BLOCKS = YES;
				GCC_OPTIMIZATION_LEVEL = 0;
				GCC_PREPROCESSOR_DEFINITIONS = (
					"DEBUG=1",
					"$(inherited)",
				);
				GCC_WARN_64_TO_32_BIT_CONVERSION = YES;
				GCC_WARN_ABOUT_RETURN_TYPE = YES_ERROR;
				GCC_WARN_UNDECLARED_SELECTOR = YES;
				GCC_WARN_UNINITIALIZED_AUTOS = YES_AGGRESSIVE;
				GCC_WARN_UNUSED_FUNCTION = YES;
				GCC_WARN_UNUSED_VARIABLE = YES;
				IPHONEOS_DEPLOYMENT_TARGET = 14.2;
				MTL_ENABLE_DEBUG_INFO = INCLUDE_SOURCE;
				MTL_FAST_MATH = YES;
				ONLY_ACTIVE_ARCH = YES;
				SDKROOT = iphoneos;
				SWIFT_ACTIVE_COMPILATION_CONDITIONS = DEBUG;
				SWIFT_OPTIMIZATION_LEVEL = "-Onone";
			};
			name = Debug;
		};
		89A987E929F08ABD00B15567 /* Release */ = {
			isa = XCBuildConfiguration;
			buildSettings = {
				ALWAYS_SEARCH_USER_PATHS = NO;
				CLANG_ANALYZER_NONNULL = YES;
				CLANG_ANALYZER_NUMBER_OBJECT_CONVERSION = YES_AGGRESSIVE;
				CLANG_CXX_LANGUAGE_STANDARD = "gnu++14";
				CLANG_CXX_LIBRARY = "libc++";
				CLANG_ENABLE_MODULES = YES;
				CLANG_ENABLE_OBJC_ARC = YES;
				CLANG_ENABLE_OBJC_WEAK = YES;
				CLANG_WARN_BLOCK_CAPTURE_AUTORELEASING = YES;
				CLANG_WARN_BOOL_CONVERSION = YES;
				CLANG_WARN_COMMA = YES;
				CLANG_WARN_CONSTANT_CONVERSION = YES;
				CLANG_WARN_DEPRECATED_OBJC_IMPLEMENTATIONS = YES;
				CLANG_WARN_DIRECT_OBJC_ISA_USAGE = YES_ERROR;
				CLANG_WARN_DOCUMENTATION_COMMENTS = YES;
				CLANG_WARN_EMPTY_BODY = YES;
				CLANG_WARN_ENUM_CONVERSION = YES;
				CLANG_WARN_INFINITE_RECURSION = YES;
				CLANG_WARN_INT_CONVERSION = YES;
				CLANG_WARN_NON_LITERAL_NULL_CONVERSION = YES;
				CLANG_WARN_OBJC_IMPLICIT_RETAIN_SELF = YES;
				CLANG_WARN_OBJC_LITERAL_CONVERSION = YES;
				CLANG_WARN_OBJC_ROOT_CLASS = YES_ERROR;
				CLANG_WARN_QUOTED_INCLUDE_IN_FRAMEWORK_HEADER = YES;
				CLANG_WARN_RANGE_LOOP_ANALYSIS = YES;
				CLANG_WARN_STRICT_PROTOTYPES = YES;
				CLANG_WARN_SUSPICIOUS_MOVE = YES;
				CLANG_WARN_UNGUARDED_AVAILABILITY = YES_AGGRESSIVE;
				CLANG_WARN_UNREACHABLE_CODE = YES;
				CLANG_WARN__DUPLICATE_METHOD_MATCH = YES;
				COPY_PHASE_STRIP = NO;
				DEBUG_INFORMATION_FORMAT = "dwarf-with-dsym";
				ENABLE_NS_ASSERTIONS = NO;
				ENABLE_STRICT_OBJC_MSGSEND = YES;
				GCC_C_LANGUAGE_STANDARD = gnu11;
				GCC_NO_COMMON_BLOCKS = YES;
				GCC_WARN_64_TO_32_BIT_CONVERSION = YES;
				GCC_WARN_ABOUT_RETURN_TYPE = YES_ERROR;
				GCC_WARN_UNDECLARED_SELECTOR = YES;
				GCC_WARN_UNINITIALIZED_AUTOS = YES_AGGRESSIVE;
				GCC_WARN_UNUSED_FUNCTION = YES;
				GCC_WARN_UNUSED_VARIABLE = YES;
				IPHONEOS_DEPLOYMENT_TARGET = 14.2;
				MTL_ENABLE_DEBUG_INFO = NO;
				MTL_FAST_MATH = YES;
				SDKROOT = iphoneos;
				SWIFT_COMPILATION_MODE = wholemodule;
				SWIFT_OPTIMIZATION_LEVEL = "-O";
				VALIDATE_PRODUCT = YES;
			};
			name = Release;
		};
		89A987EB29F08ABD00B15567 /* Debug */ = {
			isa = XCBuildConfiguration;
			buildSettings = {
				ASSETCATALOG_COMPILER_APPICON_NAME = AppIcon;
				ASSETCATALOG_COMPILER_GLOBAL_ACCENT_COLOR_NAME = AccentColor;
				CODE_SIGN_STYLE = Automatic;
				DEVELOPMENT_TEAM = GBPP4CR8K6;
				INFOPLIST_FILE = PokemonApp/Info.plist;
				LD_RUNPATH_SEARCH_PATHS = (
					"$(inherited)",
					"@executable_path/Frameworks",
				);
				PRODUCT_BUNDLE_IDENTIFIER = com.wesleywhite.PokemonApp;
				PRODUCT_NAME = "$(TARGET_NAME)";
				SWIFT_VERSION = 5.0;
				TARGETED_DEVICE_FAMILY = "1,2";
			};
			name = Debug;
		};
		89A987EC29F08ABD00B15567 /* Release */ = {
			isa = XCBuildConfiguration;
			buildSettings = {
				ASSETCATALOG_COMPILER_APPICON_NAME = AppIcon;
				ASSETCATALOG_COMPILER_GLOBAL_ACCENT_COLOR_NAME = AccentColor;
				CODE_SIGN_STYLE = Automatic;
				DEVELOPMENT_TEAM = GBPP4CR8K6;
				INFOPLIST_FILE = PokemonApp/Info.plist;
				LD_RUNPATH_SEARCH_PATHS = (
					"$(inherited)",
					"@executable_path/Frameworks",
				);
				PRODUCT_BUNDLE_IDENTIFIER = com.wesleywhite.PokemonApp;
				PRODUCT_NAME = "$(TARGET_NAME)";
				SWIFT_VERSION = 5.0;
				TARGETED_DEVICE_FAMILY = "1,2";
			};
			name = Release;
		};
/* End XCBuildConfiguration section */

/* Begin XCConfigurationList section */
		89A987D129F08ABD00B15567 /* Build configuration list for PBXProject "PokemonApp" */ = {
			isa = XCConfigurationList;
			buildConfigurations = (
				89A987E829F08ABD00B15567 /* Debug */,
				89A987E929F08ABD00B15567 /* Release */,
			);
			defaultConfigurationIsVisible = 0;
			defaultConfigurationName = Release;
		};
		89A987EA29F08ABD00B15567 /* Build configuration list for PBXNativeTarget "PokemonApp" */ = {
			isa = XCConfigurationList;
			buildConfigurations = (
				89A987EB29F08ABD00B15567 /* Debug */,
				89A987EC29F08ABD00B15567 /* Release */,
			);
			defaultConfigurationIsVisible = 0;
			defaultConfigurationName = Release;
		};
/* End XCConfigurationList section */
	};
	rootObject = 89A987CE29F08ABD00B15567 /* Project object */;
}
